// !$*UTF8*$!
{
	archiveVersion = 1;
	classes = {
	};
	objectVersion = 50;
	objects = {

/* Begin PBXBuildFile section */
		AA4310C121C8833B0071BFD5 /* AppDelegate.swift in Sources */ = {isa = PBXBuildFile; fileRef = AA4310C021C8833B0071BFD5 /* AppDelegate.swift */; };
		AA4310C321C8833B0071BFD5 /* ViewController.swift in Sources */ = {isa = PBXBuildFile; fileRef = AA4310C221C8833B0071BFD5 /* ViewController.swift */; };
		AA4310C621C8833B0071BFD5 /* Main.storyboard in Resources */ = {isa = PBXBuildFile; fileRef = AA4310C421C8833B0071BFD5 /* Main.storyboard */; };
		AA4310C921C8833B0071BFD5 /* ObservationMemoryLeak.xcdatamodeld in Sources */ = {isa = PBXBuildFile; fileRef = AA4310C721C8833B0071BFD5 /* ObservationMemoryLeak.xcdatamodeld */; };
		AA4310CB21C8833C0071BFD5 /* Assets.xcassets in Resources */ = {isa = PBXBuildFile; fileRef = AA4310CA21C8833C0071BFD5 /* Assets.xcassets */; };
		AA4310CE21C8833C0071BFD5 /* LaunchScreen.storyboard in Resources */ = {isa = PBXBuildFile; fileRef = AA4310CC21C8833C0071BFD5 /* LaunchScreen.storyboard */; };
		AA4310D921C8833C0071BFD5 /* ObservationMemoryLeakTests.swift in Sources */ = {isa = PBXBuildFile; fileRef = AA4310D821C8833C0071BFD5 /* ObservationMemoryLeakTests.swift */; };
		AA9B0F5E21C88FE100D4041D /* ObservingView.swift in Sources */ = {isa = PBXBuildFile; fileRef = AA9B0F5D21C88FE100D4041D /* ObservingView.swift */; };
		AA9B0F6021C8901200D4041D /* TableViewController.swift in Sources */ = {isa = PBXBuildFile; fileRef = AA9B0F5F21C8901200D4041D /* TableViewController.swift */; };
/* End PBXBuildFile section */

/* Begin PBXContainerItemProxy section */
		AA4310D521C8833C0071BFD5 /* PBXContainerItemProxy */ = {
			isa = PBXContainerItemProxy;
			containerPortal = AA4310B521C8833B0071BFD5 /* Project object */;
			proxyType = 1;
			remoteGlobalIDString = AA4310BC21C8833B0071BFD5;
			remoteInfo = ObservationMemoryLeak;
		};
/* End PBXContainerItemProxy section */

/* Begin PBXFileReference section */
		AA4310BD21C8833B0071BFD5 /* ObservationMemoryLeak.app */ = {isa = PBXFileReference; explicitFileType = wrapper.application; includeInIndex = 0; path = ObservationMemoryLeak.app; sourceTree = BUILT_PRODUCTS_DIR; };
		AA4310C021C8833B0071BFD5 /* AppDelegate.swift */ = {isa = PBXFileReference; lastKnownFileType = sourcecode.swift; path = AppDelegate.swift; sourceTree = "<group>"; };
		AA4310C221C8833B0071BFD5 /* ViewController.swift */ = {isa = PBXFileReference; lastKnownFileType = sourcecode.swift; path = ViewController.swift; sourceTree = "<group>"; };
		AA4310C521C8833B0071BFD5 /* Base */ = {isa = PBXFileReference; lastKnownFileType = file.storyboard; name = Base; path = Base.lproj/Main.storyboard; sourceTree = "<group>"; };
		AA4310C821C8833B0071BFD5 /* ObservationMemoryLeak.xcdatamodel */ = {isa = PBXFileReference; lastKnownFileType = wrapper.xcdatamodel; path = ObservationMemoryLeak.xcdatamodel; sourceTree = "<group>"; };
		AA4310CA21C8833C0071BFD5 /* Assets.xcassets */ = {isa = PBXFileReference; lastKnownFileType = folder.assetcatalog; path = Assets.xcassets; sourceTree = "<group>"; };
		AA4310CD21C8833C0071BFD5 /* Base */ = {isa = PBXFileReference; lastKnownFileType = file.storyboard; name = Base; path = Base.lproj/LaunchScreen.storyboard; sourceTree = "<group>"; };
		AA4310CF21C8833C0071BFD5 /* Info.plist */ = {isa = PBXFileReference; lastKnownFileType = text.plist.xml; path = Info.plist; sourceTree = "<group>"; };
		AA4310D421C8833C0071BFD5 /* ObservationMemoryLeakTests.xctest */ = {isa = PBXFileReference; explicitFileType = wrapper.cfbundle; includeInIndex = 0; path = ObservationMemoryLeakTests.xctest; sourceTree = BUILT_PRODUCTS_DIR; };
		AA4310D821C8833C0071BFD5 /* ObservationMemoryLeakTests.swift */ = {isa = PBXFileReference; lastKnownFileType = sourcecode.swift; path = ObservationMemoryLeakTests.swift; sourceTree = "<group>"; };
		AA4310DA21C8833C0071BFD5 /* Info.plist */ = {isa = PBXFileReference; lastKnownFileType = text.plist.xml; path = Info.plist; sourceTree = "<group>"; };
		AA9B0F5D21C88FE100D4041D /* ObservingView.swift */ = {isa = PBXFileReference; lastKnownFileType = sourcecode.swift; path = ObservingView.swift; sourceTree = "<group>"; };
		AA9B0F5F21C8901200D4041D /* TableViewController.swift */ = {isa = PBXFileReference; lastKnownFileType = sourcecode.swift; path = TableViewController.swift; sourceTree = "<group>"; };
/* End PBXFileReference section */

/* Begin PBXFrameworksBuildPhase section */
		AA4310BA21C8833B0071BFD5 /* Frameworks */ = {
			isa = PBXFrameworksBuildPhase;
			buildActionMask = 2147483647;
			files = (
			);
			runOnlyForDeploymentPostprocessing = 0;
		};
		AA4310D121C8833C0071BFD5 /* Frameworks */ = {
			isa = PBXFrameworksBuildPhase;
			buildActionMask = 2147483647;
			files = (
			);
			runOnlyForDeploymentPostprocessing = 0;
		};
/* End PBXFrameworksBuildPhase section */

/* Begin PBXGroup section */
		AA4310B421C8833B0071BFD5 = {
			isa = PBXGroup;
			children = (
				AA4310BF21C8833B0071BFD5 /* ObservationMemoryLeak */,
				AA4310D721C8833C0071BFD5 /* ObservationMemoryLeakTests */,
				AA4310BE21C8833B0071BFD5 /* Products */,
			);
			sourceTree = "<group>";
		};
		AA4310BE21C8833B0071BFD5 /* Products */ = {
			isa = PBXGroup;
			children = (
				AA4310BD21C8833B0071BFD5 /* ObservationMemoryLeak.app */,
				AA4310D421C8833C0071BFD5 /* ObservationMemoryLeakTests.xctest */,
			);
			name = Products;
			sourceTree = "<group>";
		};
		AA4310BF21C8833B0071BFD5 /* ObservationMemoryLeak */ = {
			isa = PBXGroup;
			children = (
				AA9B0F5D21C88FE100D4041D /* ObservingView.swift */,
				AA4310C221C8833B0071BFD5 /* ViewController.swift */,
				AA9B0F5F21C8901200D4041D /* TableViewController.swift */,
				AA4310C421C8833B0071BFD5 /* Main.storyboard */,
				AA4310CA21C8833C0071BFD5 /* Assets.xcassets */,
				AA4310CC21C8833C0071BFD5 /* LaunchScreen.storyboard */,
				AA4310CF21C8833C0071BFD5 /* Info.plist */,
				AA4310C721C8833B0071BFD5 /* ObservationMemoryLeak.xcdatamodeld */,
				AA4310C021C8833B0071BFD5 /* AppDelegate.swift */,
			);
			path = ObservationMemoryLeak;
			sourceTree = "<group>";
		};
		AA4310D721C8833C0071BFD5 /* ObservationMemoryLeakTests */ = {
			isa = PBXGroup;
			children = (
				AA4310D821C8833C0071BFD5 /* ObservationMemoryLeakTests.swift */,
				AA4310DA21C8833C0071BFD5 /* Info.plist */,
			);
			path = ObservationMemoryLeakTests;
			sourceTree = "<group>";
		};
/* End PBXGroup section */

/* Begin PBXNativeTarget section */
		AA4310BC21C8833B0071BFD5 /* ObservationMemoryLeak */ = {
			isa = PBXNativeTarget;
			buildConfigurationList = AA4310DD21C8833C0071BFD5 /* Build configuration list for PBXNativeTarget "ObservationMemoryLeak" */;
			buildPhases = (
				AA4310B921C8833B0071BFD5 /* Sources */,
				AA4310BA21C8833B0071BFD5 /* Frameworks */,
				AA4310BB21C8833B0071BFD5 /* Resources */,
			);
			buildRules = (
			);
			dependencies = (
			);
			name = ObservationMemoryLeak;
			productName = ObservationMemoryLeak;
			productReference = AA4310BD21C8833B0071BFD5 /* ObservationMemoryLeak.app */;
			productType = "com.apple.product-type.application";
		};
		AA4310D321C8833C0071BFD5 /* ObservationMemoryLeakTests */ = {
			isa = PBXNativeTarget;
			buildConfigurationList = AA4310E021C8833C0071BFD5 /* Build configuration list for PBXNativeTarget "ObservationMemoryLeakTests" */;
			buildPhases = (
				AA4310D021C8833C0071BFD5 /* Sources */,
				AA4310D121C8833C0071BFD5 /* Frameworks */,
				AA4310D221C8833C0071BFD5 /* Resources */,
			);
			buildRules = (
			);
			dependencies = (
				AA4310D621C8833C0071BFD5 /* PBXTargetDependency */,
			);
			name = ObservationMemoryLeakTests;
			productName = ObservationMemoryLeakTests;
			productReference = AA4310D421C8833C0071BFD5 /* ObservationMemoryLeakTests.xctest */;
			productType = "com.apple.product-type.bundle.unit-test";
		};
/* End PBXNativeTarget section */

/* Begin PBXProject section */
		AA4310B521C8833B0071BFD5 /* Project object */ = {
			isa = PBXProject;
			attributes = {
				LastSwiftUpdateCheck = 1010;
				LastUpgradeCheck = 1010;
				ORGANIZATIONNAME = "";
				TargetAttributes = {
					AA4310BC21C8833B0071BFD5 = {
						CreatedOnToolsVersion = 10.1;
					};
					AA4310D321C8833C0071BFD5 = {
						CreatedOnToolsVersion = 10.1;
						TestTargetID = AA4310BC21C8833B0071BFD5;
					};
				};
			};
			buildConfigurationList = AA4310B821C8833B0071BFD5 /* Build configuration list for PBXProject "ObservationMemoryLeak" */;
			compatibilityVersion = "Xcode 9.3";
			developmentRegion = en;
			hasScannedForEncodings = 0;
			knownRegions = (
				en,
				Base,
			);
			mainGroup = AA4310B421C8833B0071BFD5;
			productRefGroup = AA4310BE21C8833B0071BFD5 /* Products */;
			projectDirPath = "";
			projectRoot = "";
			targets = (
				AA4310BC21C8833B0071BFD5 /* ObservationMemoryLeak */,
				AA4310D321C8833C0071BFD5 /* ObservationMemoryLeakTests */,
			);
		};
/* End PBXProject section */

/* Begin PBXResourcesBuildPhase section */
		AA4310BB21C8833B0071BFD5 /* Resources */ = {
			isa = PBXResourcesBuildPhase;
			buildActionMask = 2147483647;
			files = (
				AA4310CE21C8833C0071BFD5 /* LaunchScreen.storyboard in Resources */,
				AA4310CB21C8833C0071BFD5 /* Assets.xcassets in Resources */,
				AA4310C621C8833B0071BFD5 /* Main.storyboard in Resources */,
			);
			runOnlyForDeploymentPostprocessing = 0;
		};
		AA4310D221C8833C0071BFD5 /* Resources */ = {
			isa = PBXResourcesBuildPhase;
			buildActionMask = 2147483647;
			files = (
			);
			runOnlyForDeploymentPostprocessing = 0;
		};
/* End PBXResourcesBuildPhase section */

/* Begin PBXSourcesBuildPhase section */
		AA4310B921C8833B0071BFD5 /* Sources */ = {
			isa = PBXSourcesBuildPhase;
			buildActionMask = 2147483647;
			files = (
				AA4310C921C8833B0071BFD5 /* ObservationMemoryLeak.xcdatamodeld in Sources */,
				AA9B0F6021C8901200D4041D /* TableViewController.swift in Sources */,
				AA4310C321C8833B0071BFD5 /* ViewController.swift in Sources */,
				AA4310C121C8833B0071BFD5 /* AppDelegate.swift in Sources */,
				AA9B0F5E21C88FE100D4041D /* ObservingView.swift in Sources */,
			);
			runOnlyForDeploymentPostprocessing = 0;
		};
		AA4310D021C8833C0071BFD5 /* Sources */ = {
			isa = PBXSourcesBuildPhase;
			buildActionMask = 2147483647;
			files = (
				AA4310D921C8833C0071BFD5 /* ObservationMemoryLeakTests.swift in Sources */,
			);
			runOnlyForDeploymentPostprocessing = 0;
		};
/* End PBXSourcesBuildPhase section */

/* Begin PBXTargetDependency section */
		AA4310D621C8833C0071BFD5 /* PBXTargetDependency */ = {
			isa = PBXTargetDependency;
			target = AA4310BC21C8833B0071BFD5 /* ObservationMemoryLeak */;
			targetProxy = AA4310D521C8833C0071BFD5 /* PBXContainerItemProxy */;
		};
/* End PBXTargetDependency section */

/* Begin PBXVariantGroup section */
		AA4310C421C8833B0071BFD5 /* Main.storyboard */ = {
			isa = PBXVariantGroup;
			children = (
				AA4310C521C8833B0071BFD5 /* Base */,
			);
			name = Main.storyboard;
			sourceTree = "<group>";
		};
		AA4310CC21C8833C0071BFD5 /* LaunchScreen.storyboard */ = {
			isa = PBXVariantGroup;
			children = (
				AA4310CD21C8833C0071BFD5 /* Base */,
			);
			name = LaunchScreen.storyboard;
			sourceTree = "<group>";
		};
/* End PBXVariantGroup section */

/* Begin XCBuildConfiguration section */
		AA4310DB21C8833C0071BFD5 /* Debug */ = {
			isa = XCBuildConfiguration;
			buildSettings = {
				ALWAYS_SEARCH_USER_PATHS = NO;
				CLANG_ANALYZER_NONNULL = YES;
				CLANG_ANALYZER_NUMBER_OBJECT_CONVERSION = YES_AGGRESSIVE;
				CLANG_CXX_LANGUAGE_STANDARD = "gnu++14";
				CLANG_CXX_LIBRARY = "libc++";
				CLANG_ENABLE_MODULES = YES;
				CLANG_ENABLE_OBJC_ARC = YES;
				CLANG_ENABLE_OBJC_WEAK = YES;
				CLANG_WARN_BLOCK_CAPTURE_AUTORELEASING = YES;
				CLANG_WARN_BOOL_CONVERSION = YES;
				CLANG_WARN_COMMA = YES;
				CLANG_WARN_CONSTANT_CONVERSION = YES;
				CLANG_WARN_DEPRECATED_OBJC_IMPLEMENTATIONS = YES;
				CLANG_WARN_DIRECT_OBJC_ISA_USAGE = YES_ERROR;
				CLANG_WARN_DOCUMENTATION_COMMENTS = YES;
				CLANG_WARN_EMPTY_BODY = YES;
				CLANG_WARN_ENUM_CONVERSION = YES;
				CLANG_WARN_INFINITE_RECURSION = YES;
				CLANG_WARN_INT_CONVERSION = YES;
				CLANG_WARN_NON_LITERAL_NULL_CONVERSION = YES;
				CLANG_WARN_OBJC_IMPLICIT_RETAIN_SELF = YES;
				CLANG_WARN_OBJC_LITERAL_CONVERSION = YES;
				CLANG_WARN_OBJC_ROOT_CLASS = YES_ERROR;
				CLANG_WARN_RANGE_LOOP_ANALYSIS = YES;
				CLANG_WARN_STRICT_PROTOTYPES = YES;
				CLANG_WARN_SUSPICIOUS_MOVE = YES;
				CLANG_WARN_UNGUARDED_AVAILABILITY = YES_AGGRESSIVE;
				CLANG_WARN_UNREACHABLE_CODE = YES;
				CLANG_WARN__DUPLICATE_METHOD_MATCH = YES;
				CODE_SIGN_IDENTITY = "iPhone Developer";
				COPY_PHASE_STRIP = NO;
				DEBUG_INFORMATION_FORMAT = dwarf;
				ENABLE_STRICT_OBJC_MSGSEND = YES;
				ENABLE_TESTABILITY = YES;
				GCC_C_LANGUAGE_STANDARD = gnu11;
				GCC_DYNAMIC_NO_PIC = NO;
				GCC_NO_COMMON_BLOCKS = YES;
				GCC_OPTIMIZATION_LEVEL = 0;
				GCC_PREPROCESSOR_DEFINITIONS = (
					"DEBUG=1",
					"$(inherited)",
				);
				GCC_WARN_64_TO_32_BIT_CONVERSION = YES;
				GCC_WARN_ABOUT_RETURN_TYPE = YES_ERROR;
				GCC_WARN_UNDECLARED_SELECTOR = YES;
				GCC_WARN_UNINITIALIZED_AUTOS = YES_AGGRESSIVE;
				GCC_WARN_UNUSED_FUNCTION = YES;
				GCC_WARN_UNUSED_VARIABLE = YES;
				IPHONEOS_DEPLOYMENT_TARGET = 12.1;
				MTL_ENABLE_DEBUG_INFO = INCLUDE_SOURCE;
				MTL_FAST_MATH = YES;
				ONLY_ACTIVE_ARCH = YES;
				SDKROOT = iphoneos;
				SWIFT_ACTIVE_COMPILATION_CONDITIONS = DEBUG;
				SWIFT_OPTIMIZATION_LEVEL = "-Onone";
			};
			name = Debug;
		};
		AA4310DC21C8833C0071BFD5 /* Release */ = {
			isa = XCBuildConfiguration;
			buildSettings = {
				ALWAYS_SEARCH_USER_PATHS = NO;
				CLANG_ANALYZER_NONNULL = YES;
				CLANG_ANALYZER_NUMBER_OBJECT_CONVERSION = YES_AGGRESSIVE;
				CLANG_CXX_LANGUAGE_STANDARD = "gnu++14";
				CLANG_CXX_LIBRARY = "libc++";
				CLANG_ENABLE_MODULES = YES;
				CLANG_ENABLE_OBJC_ARC = YES;
				CLANG_ENABLE_OBJC_WEAK = YES;
				CLANG_WARN_BLOCK_CAPTURE_AUTORELEASING = YES;
				CLANG_WARN_BOOL_CONVERSION = YES;
				CLANG_WARN_COMMA = YES;
				CLANG_WARN_CONSTANT_CONVERSION = YES;
				CLANG_WARN_DEPRECATED_OBJC_IMPLEMENTATIONS = YES;
				CLANG_WARN_DIRECT_OBJC_ISA_USAGE = YES_ERROR;
				CLANG_WARN_DOCUMENTATION_COMMENTS = YES;
				CLANG_WARN_EMPTY_BODY = YES;
				CLANG_WARN_ENUM_CONVERSION = YES;
				CLANG_WARN_INFINITE_RECURSION = YES;
				CLANG_WARN_INT_CONVERSION = YES;
				CLANG_WARN_NON_LITERAL_NULL_CONVERSION = YES;
				CLANG_WARN_OBJC_IMPLICIT_RETAIN_SELF = YES;
				CLANG_WARN_OBJC_LITERAL_CONVERSION = YES;
				CLANG_WARN_OBJC_ROOT_CLASS = YES_ERROR;
				CLANG_WARN_RANGE_LOOP_ANALYSIS = YES;
				CLANG_WARN_STRICT_PROTOTYPES = YES;
				CLANG_WARN_SUSPICIOUS_MOVE = YES;
				CLANG_WARN_UNGUARDED_AVAILABILITY = YES_AGGRESSIVE;
				CLANG_WARN_UNREACHABLE_CODE = YES;
				CLANG_WARN__DUPLICATE_METHOD_MATCH = YES;
				CODE_SIGN_IDENTITY = "iPhone Developer";
				COPY_PHASE_STRIP = NO;
				DEBUG_INFORMATION_FORMAT = "dwarf-with-dsym";
				ENABLE_NS_ASSERTIONS = NO;
				ENABLE_STRICT_OBJC_MSGSEND = YES;
				GCC_C_LANGUAGE_STANDARD = gnu11;
				GCC_NO_COMMON_BLOCKS = YES;
				GCC_WARN_64_TO_32_BIT_CONVERSION = YES;
				GCC_WARN_ABOUT_RETURN_TYPE = YES_ERROR;
				GCC_WARN_UNDECLARED_SELECTOR = YES;
				GCC_WARN_UNINITIALIZED_AUTOS = YES_AGGRESSIVE;
				GCC_WARN_UNUSED_FUNCTION = YES;
				GCC_WARN_UNUSED_VARIABLE = YES;
				IPHONEOS_DEPLOYMENT_TARGET = 12.1;
				MTL_ENABLE_DEBUG_INFO = NO;
				MTL_FAST_MATH = YES;
				SDKROOT = iphoneos;
				SWIFT_COMPILATION_MODE = wholemodule;
				SWIFT_OPTIMIZATION_LEVEL = "-O";
				VALIDATE_PRODUCT = YES;
			};
			name = Release;
		};
		AA4310DE21C8833C0071BFD5 /* Debug */ = {
			isa = XCBuildConfiguration;
			buildSettings = {
				ASSETCATALOG_COMPILER_APPICON_NAME = AppIcon;
				CODE_SIGN_STYLE = Automatic;
				DEVELOPMENT_TEAM = "";
				INFOPLIST_FILE = ObservationMemoryLeak/Info.plist;
				LD_RUNPATH_SEARCH_PATHS = (
					"$(inherited)",
					"@executable_path/Frameworks",
				);
				PRODUCT_BUNDLE_IDENTIFIER = SAP.ObservationMemoryLeak;
				PRODUCT_NAME = "$(TARGET_NAME)";
				SWIFT_VERSION = 4.2;
				TARGETED_DEVICE_FAMILY = "1,2";
			};
			name = Debug;
		};
		AA4310DF21C8833C0071BFD5 /* Release */ = {
			isa = XCBuildConfiguration;
			buildSettings = {
				ASSETCATALOG_COMPILER_APPICON_NAME = AppIcon;
				CODE_SIGN_STYLE = Automatic;
				DEVELOPMENT_TEAM = "";
				INFOPLIST_FILE = ObservationMemoryLeak/Info.plist;
				LD_RUNPATH_SEARCH_PATHS = (
					"$(inherited)",
					"@executable_path/Frameworks",
				);
				PRODUCT_BUNDLE_IDENTIFIER = SAP.ObservationMemoryLeak;
				PRODUCT_NAME = "$(TARGET_NAME)";
				SWIFT_VERSION = 4.2;
				TARGETED_DEVICE_FAMILY = "1,2";
			};
			name = Release;
		};
		AA4310E121C8833C0071BFD5 /* Debug */ = {
			isa = XCBuildConfiguration;
			buildSettings = {
				ALWAYS_EMBED_SWIFT_STANDARD_LIBRARIES = YES;
				BUNDLE_LOADER = "$(TEST_HOST)";
				CODE_SIGN_STYLE = Automatic;
				DEVELOPMENT_TEAM = 3F8Y9D4FUY;
				INFOPLIST_FILE = ObservationMemoryLeakTests/Info.plist;
				LD_RUNPATH_SEARCH_PATHS = (
					"$(inherited)",
					"@executable_path/Frameworks",
					"@loader_path/Frameworks",
				);
				PRODUCT_BUNDLE_IDENTIFIER = SAP.ObservationMemoryLeakTests;
				PRODUCT_NAME = "$(TARGET_NAME)";
				SWIFT_VERSION = 4.2;
				TARGETED_DEVICE_FAMILY = "1,2";
				TEST_HOST = "$(BUILT_PRODUCTS_DIR)/ObservationMemoryLeak.app/ObservationMemoryLeak";
			};
			name = Debug;
		};
		AA4310E221C8833C0071BFD5 /* Release */ = {
			isa = XCBuildConfiguration;
			buildSettings = {
				ALWAYS_EMBED_SWIFT_STANDARD_LIBRARIES = YES;
				BUNDLE_LOADER = "$(TEST_HOST)";
				CODE_SIGN_STYLE = Automatic;
				DEVELOPMENT_TEAM = 3F8Y9D4FUY;
				INFOPLIST_FILE = ObservationMemoryLeakTests/Info.plist;
				LD_RUNPATH_SEARCH_PATHS = (
					"$(inherited)",
					"@executable_path/Frameworks",
					"@loader_path/Frameworks",
				);
				PRODUCT_BUNDLE_IDENTIFIER = SAP.ObservationMemoryLeakTests;
				PRODUCT_NAME = "$(TARGET_NAME)";
				SWIFT_VERSION = 4.2;
				TARGETED_DEVICE_FAMILY = "1,2";
				TEST_HOST = "$(BUILT_PRODUCTS_DIR)/ObservationMemoryLeak.app/ObservationMemoryLeak";
			};
			name = Release;
		};
/* End XCBuildConfiguration section */

/* Begin XCConfigurationList section */
		AA4310B821C8833B0071BFD5 /* Build configuration list for PBXProject "ObservationMemoryLeak" */ = {
			isa = XCConfigurationList;
			buildConfigurations = (
				AA4310DB21C8833C0071BFD5 /* Debug */,
				AA4310DC21C8833C0071BFD5 /* Release */,
			);
			defaultConfigurationIsVisible = 0;
			defaultConfigurationName = Release;
		};
		AA4310DD21C8833C0071BFD5 /* Build configuration list for PBXNativeTarget "ObservationMemoryLeak" */ = {
			isa = XCConfigurationList;
			buildConfigurations = (
				AA4310DE21C8833C0071BFD5 /* Debug */,
				AA4310DF21C8833C0071BFD5 /* Release */,
			);
			defaultConfigurationIsVisible = 0;
			defaultConfigurationName = Release;
		};
		AA4310E021C8833C0071BFD5 /* Build configuration list for PBXNativeTarget "ObservationMemoryLeakTests" */ = {
			isa = XCConfigurationList;
			buildConfigurations = (
				AA4310E121C8833C0071BFD5 /* Debug */,
				AA4310E221C8833C0071BFD5 /* Release */,
			);
			defaultConfigurationIsVisible = 0;
			defaultConfigurationName = Release;
		};
/* End XCConfigurationList section */

/* Begin XCVersionGroup section */
		AA4310C721C8833B0071BFD5 /* ObservationMemoryLeak.xcdatamodeld */ = {
			isa = XCVersionGroup;
			children = (
				AA4310C821C8833B0071BFD5 /* ObservationMemoryLeak.xcdatamodel */,
			);
			currentVersion = AA4310C821C8833B0071BFD5 /* ObservationMemoryLeak.xcdatamodel */;
			path = ObservationMemoryLeak.xcdatamodeld;
			sourceTree = "<group>";
			versionGroupType = wrapper.xcdatamodel;
		};
/* End XCVersionGroup section */
	};
	rootObject = AA4310B521C8833B0071BFD5 /* Project object */;
}
